
Microsoft Visual Studio Solution File, Format Version 12.00
# Visual Studio Version 17
VisualStudioVersion = 17.0.31903.59
MinimumVisualStudioVersion = 10.0.40219.1
Project("{2150E333-8FDC-42A3-9474-1A3956D46DE8}") = "Day 1", "Day 1", "{3D2DA501-E2B5-483B-B037-A6370D8D1A2E}"
EndProject
Project("{FAE04EC0-301F-11D3-BF4B-00C04F79EFBC}") = "Challenge1", "Day 1\Challenge1\Challenge1.csproj", "{4E0903F6-928E-41D0-A1D6-D0B5DCD12592}"
EndProject
Project("{FAE04EC0-301F-11D3-BF4B-00C04F79EFBC}") = "Challenge2", "Day 1\Challenge2\Challenge2.csproj", "{D431A32B-E6E0-4618-80B5-B5FA79CD76C0}"
EndProject
Project("{2150E333-8FDC-42A3-9474-1A3956D46DE8}") = "Day 2", "Day 2", "{737D6DA9-2075-4310-94C3-D99734BA16F2}"
EndProject
Project("{FAE04EC0-301F-11D3-BF4B-00C04F79EFBC}") = "Challenge1", "Day 2\Challenge1\Challenge1.csproj", "{7CD0493B-5263-4ED2-A0D3-781869289F3D}"
EndProject
Project("{FAE04EC0-301F-11D3-BF4B-00C04F79EFBC}") = "Challenge2", "Day 2\Challenge2\Challenge2.csproj", "{CD32F6B6-CD15-4E39-9F99-02598339011B}"
EndProject
Project("{2150E333-8FDC-42A3-9474-1A3956D46DE8}") = "Day 3", "Day 3", "{0436A327-BE7F-4C18-AAF3-A8878FA243A5}"
EndProject
Project("{FAE04EC0-301F-11D3-BF4B-00C04F79EFBC}") = "Challenge1", "Day 3\Challenge1\Challenge1.csproj", "{377E37F6-7F50-4A09-9A8B-5BDA03AC9B7A}"
EndProject
Project("{FAE04EC0-301F-11D3-BF4B-00C04F79EFBC}") = "Challenge2", "Day 3\Challenge2\Challenge2.csproj", "{64944CA9-8CD9-4EF9-834B-17E5D5FFE6CD}"
EndProject
Project("{2150E333-8FDC-42A3-9474-1A3956D46DE8}") = "Day 4", "Day 4", "{1F0256DD-B3A1-4285-A361-D5151494E9C3}"
EndProject
Project("{FAE04EC0-301F-11D3-BF4B-00C04F79EFBC}") = "challenge1", "Day 4\challenge1\challenge1.csproj", "{BD4E949A-B0EA-4834-AE11-BD3E81E759F0}"
EndProject
Project("{FAE04EC0-301F-11D3-BF4B-00C04F79EFBC}") = "challenge2", "Day 4\challenge2\challenge2.csproj", "{C4D5E28A-D0A4-4490-8DCF-775D820E8DF4}"
EndProject
Project("{2150E333-8FDC-42A3-9474-1A3956D46DE8}") = "Day 5", "Day 5", "{12B48E37-B0C6-42E3-958F-6629E4FEEE6E}"
EndProject
Project("{FAE04EC0-301F-11D3-BF4B-00C04F79EFBC}") = "Challenge1", "Day 5\Challenge1\Challenge1.csproj", "{F655B30C-0839-4E7F-9856-139BF73D714F}"
EndProject
Project("{FAE04EC0-301F-11D3-BF4B-00C04F79EFBC}") = "Challenge2", "Day 5\Challenge2\Challenge2.csproj", "{E8574142-4E76-41FB-BD65-6A29F95F3D1E}"
EndProject
Global
	GlobalSection(SolutionConfigurationPlatforms) = preSolution
		Debug|Any CPU = Debug|Any CPU
		Release|Any CPU = Release|Any CPU
	EndGlobalSection
	GlobalSection(SolutionProperties) = preSolution
		HideSolutionNode = FALSE
	EndGlobalSection
	GlobalSection(ProjectConfigurationPlatforms) = postSolution
		{4E0903F6-928E-41D0-A1D6-D0B5DCD12592}.Debug|Any CPU.ActiveCfg = Debug|Any CPU
		{4E0903F6-928E-41D0-A1D6-D0B5DCD12592}.Debug|Any CPU.Build.0 = Debug|Any CPU
		{4E0903F6-928E-41D0-A1D6-D0B5DCD12592}.Release|Any CPU.ActiveCfg = Release|Any CPU
		{4E0903F6-928E-41D0-A1D6-D0B5DCD12592}.Release|Any CPU.Build.0 = Release|Any CPU
		{D431A32B-E6E0-4618-80B5-B5FA79CD76C0}.Debug|Any CPU.ActiveCfg = Debug|Any CPU
		{D431A32B-E6E0-4618-80B5-B5FA79CD76C0}.Debug|Any CPU.Build.0 = Debug|Any CPU
		{D431A32B-E6E0-4618-80B5-B5FA79CD76C0}.Release|Any CPU.ActiveCfg = Release|Any CPU
		{D431A32B-E6E0-4618-80B5-B5FA79CD76C0}.Release|Any CPU.Build.0 = Release|Any CPU
		{7CD0493B-5263-4ED2-A0D3-781869289F3D}.Debug|Any CPU.ActiveCfg = Debug|Any CPU
		{7CD0493B-5263-4ED2-A0D3-781869289F3D}.Debug|Any CPU.Build.0 = Debug|Any CPU
		{7CD0493B-5263-4ED2-A0D3-781869289F3D}.Release|Any CPU.ActiveCfg = Release|Any CPU
		{7CD0493B-5263-4ED2-A0D3-781869289F3D}.Release|Any CPU.Build.0 = Release|Any CPU
		{CD32F6B6-CD15-4E39-9F99-02598339011B}.Debug|Any CPU.ActiveCfg = Debug|Any CPU
		{CD32F6B6-CD15-4E39-9F99-02598339011B}.Debug|Any CPU.Build.0 = Debug|Any CPU
		{CD32F6B6-CD15-4E39-9F99-02598339011B}.Release|Any CPU.ActiveCfg = Release|Any CPU
		{CD32F6B6-CD15-4E39-9F99-02598339011B}.Release|Any CPU.Build.0 = Release|Any CPU
		{377E37F6-7F50-4A09-9A8B-5BDA03AC9B7A}.Debug|Any CPU.ActiveCfg = Debug|Any CPU
		{377E37F6-7F50-4A09-9A8B-5BDA03AC9B7A}.Debug|Any CPU.Build.0 = Debug|Any CPU
		{377E37F6-7F50-4A09-9A8B-5BDA03AC9B7A}.Release|Any CPU.ActiveCfg = Release|Any CPU
		{377E37F6-7F50-4A09-9A8B-5BDA03AC9B7A}.Release|Any CPU.Build.0 = Release|Any CPU
		{64944CA9-8CD9-4EF9-834B-17E5D5FFE6CD}.Debug|Any CPU.ActiveCfg = Debug|Any CPU
		{64944CA9-8CD9-4EF9-834B-17E5D5FFE6CD}.Debug|Any CPU.Build.0 = Debug|Any CPU
		{64944CA9-8CD9-4EF9-834B-17E5D5FFE6CD}.Release|Any CPU.ActiveCfg = Release|Any CPU
		{64944CA9-8CD9-4EF9-834B-17E5D5FFE6CD}.Release|Any CPU.Build.0 = Release|Any CPU
		{BD4E949A-B0EA-4834-AE11-BD3E81E759F0}.Debug|Any CPU.ActiveCfg = Debug|Any CPU
		{BD4E949A-B0EA-4834-AE11-BD3E81E759F0}.Debug|Any CPU.Build.0 = Debug|Any CPU
		{BD4E949A-B0EA-4834-AE11-BD3E81E759F0}.Release|Any CPU.ActiveCfg = Release|Any CPU
		{BD4E949A-B0EA-4834-AE11-BD3E81E759F0}.Release|Any CPU.Build.0 = Release|Any CPU
		{C4D5E28A-D0A4-4490-8DCF-775D820E8DF4}.Debug|Any CPU.ActiveCfg = Debug|Any CPU
		{C4D5E28A-D0A4-4490-8DCF-775D820E8DF4}.Debug|Any CPU.Build.0 = Debug|Any CPU
		{C4D5E28A-D0A4-4490-8DCF-775D820E8DF4}.Release|Any CPU.ActiveCfg = Release|Any CPU
		{C4D5E28A-D0A4-4490-8DCF-775D820E8DF4}.Release|Any CPU.Build.0 = Release|Any CPU
		{F655B30C-0839-4E7F-9856-139BF73D714F}.Debug|Any CPU.ActiveCfg = Debug|Any CPU
		{F655B30C-0839-4E7F-9856-139BF73D714F}.Debug|Any CPU.Build.0 = Debug|Any CPU
		{F655B30C-0839-4E7F-9856-139BF73D714F}.Release|Any CPU.ActiveCfg = Release|Any CPU
		{F655B30C-0839-4E7F-9856-139BF73D714F}.Release|Any CPU.Build.0 = Release|Any CPU
		{E8574142-4E76-41FB-BD65-6A29F95F3D1E}.Debug|Any CPU.ActiveCfg = Debug|Any CPU
		{E8574142-4E76-41FB-BD65-6A29F95F3D1E}.Debug|Any CPU.Build.0 = Debug|Any CPU
		{E8574142-4E76-41FB-BD65-6A29F95F3D1E}.Release|Any CPU.ActiveCfg = Release|Any CPU
		{E8574142-4E76-41FB-BD65-6A29F95F3D1E}.Release|Any CPU.Build.0 = Release|Any CPU
	EndGlobalSection
	GlobalSection(NestedProjects) = preSolution
		{4E0903F6-928E-41D0-A1D6-D0B5DCD12592} = {3D2DA501-E2B5-483B-B037-A6370D8D1A2E}
		{D431A32B-E6E0-4618-80B5-B5FA79CD76C0} = {3D2DA501-E2B5-483B-B037-A6370D8D1A2E}
		{7CD0493B-5263-4ED2-A0D3-781869289F3D} = {737D6DA9-2075-4310-94C3-D99734BA16F2}
		{CD32F6B6-CD15-4E39-9F99-02598339011B} = {737D6DA9-2075-4310-94C3-D99734BA16F2}
		{377E37F6-7F50-4A09-9A8B-5BDA03AC9B7A} = {0436A327-BE7F-4C18-AAF3-A8878FA243A5}
		{64944CA9-8CD9-4EF9-834B-17E5D5FFE6CD} = {0436A327-BE7F-4C18-AAF3-A8878FA243A5}
		{BD4E949A-B0EA-4834-AE11-BD3E81E759F0} = {1F0256DD-B3A1-4285-A361-D5151494E9C3}
		{C4D5E28A-D0A4-4490-8DCF-775D820E8DF4} = {1F0256DD-B3A1-4285-A361-D5151494E9C3}
		{F655B30C-0839-4E7F-9856-139BF73D714F} = {12B48E37-B0C6-42E3-958F-6629E4FEEE6E}
		{E8574142-4E76-41FB-BD65-6A29F95F3D1E} = {12B48E37-B0C6-42E3-958F-6629E4FEEE6E}
	EndGlobalSection
EndGlobal
